{
  "name": "@hurl/core",
  "version": "1.0.5",
  "lockfileVersion": 1,
  "requires": true,
  "dependencies": {
    "@vercel/ncc": {
      "version": "0.33.4",
      "resolved": "https://registry.npmjs.org/@vercel/ncc/-/ncc-0.33.4.tgz",
      "integrity": "sha512-ln18hs7dMffelP47tpkaR+V5Tj6coykNyxJrlcmCormPqRQjB/Gv4cu2FfBG+PMzIfdZp2CLDsrrB1NPU22Qhg==",
      "dev": true
    }
  }
}
