{
  "name": "@hurl/core",
  "version": "1.0.5",
  "lockfileVersion": 1,
  "requires": true,
  "dependencies": {
    "@vercel/ncc": {
      "version": "0.28.4",
      "resolved": "https://registry.npmjs.org/@vercel/ncc/-/ncc-0.28.4.tgz",
      "integrity": "sha512-vQe8WuBMiBgJbRM9TXMSb2zXmaoplH84K91nd2CmIlrXH0F3RjyiO9kdvaZbKbAQ66Mh/hMF2JPtDzbVvsx+Eg==",
      "dev": true
    }
  }
}
